// !$*UTF8*$!
{
	archiveVersion = 1;
	classes = {
	};
	objectVersion = 46;
	objects = {

/* Begin PBXBuildFile section */
		74EA717B1BD047F0006808EA /* AppDelegate.swift in Sources */ = {isa = PBXBuildFile; fileRef = 74EA717A1BD047F0006808EA /* AppDelegate.swift */; };
		74EA717D1BD047F0006808EA /* ViewController.swift in Sources */ = {isa = PBXBuildFile; fileRef = 74EA717C1BD047F0006808EA /* ViewController.swift */; };
		74EA71801BD047F0006808EA /* Main.storyboard in Resources */ = {isa = PBXBuildFile; fileRef = 74EA717E1BD047F0006808EA /* Main.storyboard */; };
		74EA71821BD047F0006808EA /* Assets.xcassets in Resources */ = {isa = PBXBuildFile; fileRef = 74EA71811BD047F0006808EA /* Assets.xcassets */; };
		74EA71851BD047F0006808EA /* LaunchScreen.storyboard in Resources */ = {isa = PBXBuildFile; fileRef = 74EA71831BD047F0006808EA /* LaunchScreen.storyboard */; };
		74EA71B21BD04DA7006808EA /* SwipeDocumentViewer.swift in Sources */ = {isa = PBXBuildFile; fileRef = 74EA71A71BD04DA7006808EA /* SwipeDocumentViewer.swift */; };
		74EA71B31BD04DA7006808EA /* SwipeViewController.swift in Sources */ = {isa = PBXBuildFile; fileRef = 74EA71A81BD04DA7006808EA /* SwipeViewController.swift */; };
		74EA71B41BD04DA7006808EA /* SwipeBook.swift in Sources */ = {isa = PBXBuildFile; fileRef = 74EA71A91BD04DA7006808EA /* SwipeBook.swift */; };
		74EA71B51BD04DA7006808EA /* SwipePage.swift in Sources */ = {isa = PBXBuildFile; fileRef = 74EA71AA1BD04DA7006808EA /* SwipePage.swift */; };
		74EA71B61BD04DA7006808EA /* SwipeElement.swift in Sources */ = {isa = PBXBuildFile; fileRef = 74EA71AB1BD04DA7006808EA /* SwipeElement.swift */; };
		74EA71B71BD04DA7006808EA /* SwipePath.swift in Sources */ = {isa = PBXBuildFile; fileRef = 74EA71AC1BD04DA7006808EA /* SwipePath.swift */; };
		74EA71B81BD04DA7006808EA /* SwipeSynthesizer.swift in Sources */ = {isa = PBXBuildFile; fileRef = 74EA71AD1BD04DA7006808EA /* SwipeSynthesizer.swift */; };
		74EA71B91BD04DA7006808EA /* SwipeMarkdown.swift in Sources */ = {isa = PBXBuildFile; fileRef = 74EA71AE1BD04DA7006808EA /* SwipeMarkdown.swift */; };
		74EA71BA1BD04DA7006808EA /* SwipeParser.swift in Sources */ = {isa = PBXBuildFile; fileRef = 74EA71AF1BD04DA7006808EA /* SwipeParser.swift */; };
		74EA71BB1BD04DA7006808EA /* SwipeScene.swift in Sources */ = {isa = PBXBuildFile; fileRef = 74EA71B01BD04DA7006808EA /* SwipeScene.swift */; };
		74EA71BC1BD04DA7006808EA /* SwipeWebViewPool.swift in Sources */ = {isa = PBXBuildFile; fileRef = 74EA71B11BD04DA7006808EA /* SwipeWebViewPool.swift */; };
		74EA71C21BD04E47006808EA /* SwipeExtensions.swift in Sources */ = {isa = PBXBuildFile; fileRef = 74EA71C11BD04E47006808EA /* SwipeExtensions.swift */; };
		74EA71C91BD04EAD006808EA /* SNNotificationManager.swift in Sources */ = {isa = PBXBuildFile; fileRef = 74EA71C41BD04EAD006808EA /* SNNotificationManager.swift */; };
		74EA71CA1BD04EAD006808EA /* SwipeAssetManager.swift in Sources */ = {isa = PBXBuildFile; fileRef = 74EA71C51BD04EAD006808EA /* SwipeAssetManager.swift */; };
		74EA71CB1BD04EAD006808EA /* SwipeConnection.swift in Sources */ = {isa = PBXBuildFile; fileRef = 74EA71C61BD04EAD006808EA /* SwipeConnection.swift */; };
		74EA71CC1BD04EAD006808EA /* SwipePrefetcher.swift in Sources */ = {isa = PBXBuildFile; fileRef = 74EA71C71BD04EAD006808EA /* SwipePrefetcher.swift */; };
		74EA71CD1BD04EAD006808EA /* asset.xcdatamodel in Sources */ = {isa = PBXBuildFile; fileRef = 74EA71C81BD04EAD006808EA /* asset.xcdatamodel */; };
/* End PBXBuildFile section */

/* Begin PBXFileReference section */
		74EA71771BD047F0006808EA /* sample.app */ = {isa = PBXFileReference; explicitFileType = wrapper.application; includeInIndex = 0; path = sample.app; sourceTree = BUILT_PRODUCTS_DIR; };
		74EA717A1BD047F0006808EA /* AppDelegate.swift */ = {isa = PBXFileReference; lastKnownFileType = sourcecode.swift; path = AppDelegate.swift; sourceTree = "<group>"; };
		74EA717C1BD047F0006808EA /* ViewController.swift */ = {isa = PBXFileReference; lastKnownFileType = sourcecode.swift; path = ViewController.swift; sourceTree = "<group>"; };
		74EA717F1BD047F0006808EA /* Base */ = {isa = PBXFileReference; lastKnownFileType = file.storyboard; name = Base; path = Base.lproj/Main.storyboard; sourceTree = "<group>"; };
		74EA71811BD047F0006808EA /* Assets.xcassets */ = {isa = PBXFileReference; lastKnownFileType = folder.assetcatalog; path = Assets.xcassets; sourceTree = "<group>"; };
		74EA71841BD047F0006808EA /* Base */ = {isa = PBXFileReference; lastKnownFileType = file.storyboard; name = Base; path = Base.lproj/LaunchScreen.storyboard; sourceTree = "<group>"; };
		74EA71861BD047F0006808EA /* Info.plist */ = {isa = PBXFileReference; lastKnownFileType = text.plist.xml; path = Info.plist; sourceTree = "<group>"; };
		74EA718C1BD04B3A006808EA /* LICENSE.txt */ = {isa = PBXFileReference; lastKnownFileType = text; name = LICENSE.txt; path = ../LICENSE.txt; sourceTree = "<group>"; };
		74EA718D1BD04C44006808EA /* README.md */ = {isa = PBXFileReference; fileEncoding = 4; lastKnownFileType = net.daringfireball.markdown; name = README.md; path = ../README.md; sourceTree = "<group>"; };
		74EA71A71BD04DA7006808EA /* SwipeDocumentViewer.swift */ = {isa = PBXFileReference; fileEncoding = 4; lastKnownFileType = sourcecode.swift; path = SwipeDocumentViewer.swift; sourceTree = "<group>"; };
		74EA71A81BD04DA7006808EA /* SwipeViewController.swift */ = {isa = PBXFileReference; fileEncoding = 4; lastKnownFileType = sourcecode.swift; path = SwipeViewController.swift; sourceTree = "<group>"; };
		74EA71A91BD04DA7006808EA /* SwipeBook.swift */ = {isa = PBXFileReference; fileEncoding = 4; lastKnownFileType = sourcecode.swift; path = SwipeBook.swift; sourceTree = "<group>"; };
		74EA71AA1BD04DA7006808EA /* SwipePage.swift */ = {isa = PBXFileReference; fileEncoding = 4; lastKnownFileType = sourcecode.swift; path = SwipePage.swift; sourceTree = "<group>"; };
		74EA71AB1BD04DA7006808EA /* SwipeElement.swift */ = {isa = PBXFileReference; fileEncoding = 4; lastKnownFileType = sourcecode.swift; path = SwipeElement.swift; sourceTree = "<group>"; };
		74EA71AC1BD04DA7006808EA /* SwipePath.swift */ = {isa = PBXFileReference; fileEncoding = 4; lastKnownFileType = sourcecode.swift; path = SwipePath.swift; sourceTree = "<group>"; };
		74EA71AD1BD04DA7006808EA /* SwipeSynthesizer.swift */ = {isa = PBXFileReference; fileEncoding = 4; lastKnownFileType = sourcecode.swift; path = SwipeSynthesizer.swift; sourceTree = "<group>"; };
		74EA71AE1BD04DA7006808EA /* SwipeMarkdown.swift */ = {isa = PBXFileReference; fileEncoding = 4; lastKnownFileType = sourcecode.swift; path = SwipeMarkdown.swift; sourceTree = "<group>"; };
		74EA71AF1BD04DA7006808EA /* SwipeParser.swift */ = {isa = PBXFileReference; fileEncoding = 4; lastKnownFileType = sourcecode.swift; path = SwipeParser.swift; sourceTree = "<group>"; };
		74EA71B01BD04DA7006808EA /* SwipeScene.swift */ = {isa = PBXFileReference; fileEncoding = 4; lastKnownFileType = sourcecode.swift; path = SwipeScene.swift; sourceTree = "<group>"; };
		74EA71B11BD04DA7006808EA /* SwipeWebViewPool.swift */ = {isa = PBXFileReference; fileEncoding = 4; lastKnownFileType = sourcecode.swift; path = SwipeWebViewPool.swift; sourceTree = "<group>"; };
		74EA71C11BD04E47006808EA /* SwipeExtensions.swift */ = {isa = PBXFileReference; fileEncoding = 4; lastKnownFileType = sourcecode.swift; path = SwipeExtensions.swift; sourceTree = "<group>"; };
		74EA71C41BD04EAD006808EA /* SNNotificationManager.swift */ = {isa = PBXFileReference; fileEncoding = 4; lastKnownFileType = sourcecode.swift; path = SNNotificationManager.swift; sourceTree = "<group>"; };
		74EA71C51BD04EAD006808EA /* SwipeAssetManager.swift */ = {isa = PBXFileReference; fileEncoding = 4; lastKnownFileType = sourcecode.swift; path = SwipeAssetManager.swift; sourceTree = "<group>"; };
		74EA71C61BD04EAD006808EA /* SwipeConnection.swift */ = {isa = PBXFileReference; fileEncoding = 4; lastKnownFileType = sourcecode.swift; path = SwipeConnection.swift; sourceTree = "<group>"; };
		74EA71C71BD04EAD006808EA /* SwipePrefetcher.swift */ = {isa = PBXFileReference; fileEncoding = 4; lastKnownFileType = sourcecode.swift; path = SwipePrefetcher.swift; sourceTree = "<group>"; };
		74EA71C81BD04EAD006808EA /* asset.xcdatamodel */ = {isa = PBXFileReference; lastKnownFileType = wrapper.xcdatamodel; path = asset.xcdatamodel; sourceTree = "<group>"; };
/* End PBXFileReference section */

/* Begin PBXFrameworksBuildPhase section */
		74EA71741BD047F0006808EA /* Frameworks */ = {
			isa = PBXFrameworksBuildPhase;
			buildActionMask = 2147483647;
			files = (
			);
			runOnlyForDeploymentPostprocessing = 0;
		};
/* End PBXFrameworksBuildPhase section */

/* Begin PBXGroup section */
		74EA716E1BD047F0006808EA = {
			isa = PBXGroup;
			children = (
				74EA718D1BD04C44006808EA /* README.md */,
				74EA718C1BD04B3A006808EA /* LICENSE.txt */,
				74EA718F1BD04D86006808EA /* browser */,
				74EA71C31BD04E95006808EA /* network */,
				74EA71901BD04D86006808EA /* core */,
				74EA71791BD047F0006808EA /* sample */,
				74EA71781BD047F0006808EA /* Products */,
			);
			sourceTree = "<group>";
		};
		74EA71781BD047F0006808EA /* Products */ = {
			isa = PBXGroup;
			children = (
				74EA71771BD047F0006808EA /* sample.app */,
			);
			name = Products;
			sourceTree = "<group>";
		};
		74EA71791BD047F0006808EA /* sample */ = {
			isa = PBXGroup;
			children = (
				74EA717A1BD047F0006808EA /* AppDelegate.swift */,
				74EA717C1BD047F0006808EA /* ViewController.swift */,
				74EA717E1BD047F0006808EA /* Main.storyboard */,
				74EA71811BD047F0006808EA /* Assets.xcassets */,
				74EA71831BD047F0006808EA /* LaunchScreen.storyboard */,
				74EA71861BD047F0006808EA /* Info.plist */,
			);
			path = sample;
			sourceTree = "<group>";
		};
		74EA718F1BD04D86006808EA /* browser */ = {
			isa = PBXGroup;
			children = (
			);
			name = browser;
			path = ../browser;
			sourceTree = "<group>";
		};
		74EA71901BD04D86006808EA /* core */ = {
			isa = PBXGroup;
			children = (
				74EA71A71BD04DA7006808EA /* SwipeDocumentViewer.swift */,
				74EA71A81BD04DA7006808EA /* SwipeViewController.swift */,
				74EA71A91BD04DA7006808EA /* SwipeBook.swift */,
				74EA71AA1BD04DA7006808EA /* SwipePage.swift */,
				74EA71AB1BD04DA7006808EA /* SwipeElement.swift */,
				74EA71AC1BD04DA7006808EA /* SwipePath.swift */,
				74EA71AD1BD04DA7006808EA /* SwipeSynthesizer.swift */,
				74EA71AE1BD04DA7006808EA /* SwipeMarkdown.swift */,
				74EA71AF1BD04DA7006808EA /* SwipeParser.swift */,
				74EA71B01BD04DA7006808EA /* SwipeScene.swift */,
				74EA71B11BD04DA7006808EA /* SwipeWebViewPool.swift */,
				74EA71C11BD04E47006808EA /* SwipeExtensions.swift */,
			);
			name = core;
			path = ../core;
			sourceTree = "<group>";
		};
		74EA71C31BD04E95006808EA /* network */ = {
			isa = PBXGroup;
			children = (
				74EA71C41BD04EAD006808EA /* SNNotificationManager.swift */,
				74EA71C51BD04EAD006808EA /* SwipeAssetManager.swift */,
				74EA71C61BD04EAD006808EA /* SwipeConnection.swift */,
				74EA71C71BD04EAD006808EA /* SwipePrefetcher.swift */,
				74EA71C81BD04EAD006808EA /* asset.xcdatamodel */,
			);
			name = network;
			path = ../network;
			sourceTree = "<group>";
		};
/* End PBXGroup section */

/* Begin PBXNativeTarget section */
		74EA71761BD047F0006808EA /* sample */ = {
			isa = PBXNativeTarget;
			buildConfigurationList = 74EA71891BD047F0006808EA /* Build configuration list for PBXNativeTarget "sample" */;
			buildPhases = (
				74EA71731BD047F0006808EA /* Sources */,
				74EA71741BD047F0006808EA /* Frameworks */,
				74EA71751BD047F0006808EA /* Resources */,
			);
			buildRules = (
			);
			dependencies = (
			);
			name = sample;
			productName = sample;
			productReference = 74EA71771BD047F0006808EA /* sample.app */;
			productType = "com.apple.product-type.application";
		};
/* End PBXNativeTarget section */

/* Begin PBXProject section */
		74EA716F1BD047F0006808EA /* Project object */ = {
			isa = PBXProject;
			attributes = {
				LastSwiftUpdateCheck = 0710;
				LastUpgradeCheck = 0710;
				ORGANIZATIONNAME = "Satoshi Nakajima";
				TargetAttributes = {
					74EA71761BD047F0006808EA = {
						CreatedOnToolsVersion = 7.1;
					};
				};
			};
			buildConfigurationList = 74EA71721BD047F0006808EA /* Build configuration list for PBXProject "sample" */;
			compatibilityVersion = "Xcode 3.2";
			developmentRegion = English;
			hasScannedForEncodings = 0;
			knownRegions = (
				en,
				Base,
			);
			mainGroup = 74EA716E1BD047F0006808EA;
			productRefGroup = 74EA71781BD047F0006808EA /* Products */;
			projectDirPath = "";
			projectRoot = "";
			targets = (
				74EA71761BD047F0006808EA /* sample */,
			);
		};
/* End PBXProject section */

/* Begin PBXResourcesBuildPhase section */
		74EA71751BD047F0006808EA /* Resources */ = {
			isa = PBXResourcesBuildPhase;
			buildActionMask = 2147483647;
			files = (
				74EA71851BD047F0006808EA /* LaunchScreen.storyboard in Resources */,
				74EA71821BD047F0006808EA /* Assets.xcassets in Resources */,
				74EA71801BD047F0006808EA /* Main.storyboard in Resources */,
			);
			runOnlyForDeploymentPostprocessing = 0;
		};
/* End PBXResourcesBuildPhase section */

/* Begin PBXSourcesBuildPhase section */
		74EA71731BD047F0006808EA /* Sources */ = {
			isa = PBXSourcesBuildPhase;
			buildActionMask = 2147483647;
			files = (
				74EA71CD1BD04EAD006808EA /* asset.xcdatamodel in Sources */,
				74EA71B41BD04DA7006808EA /* SwipeBook.swift in Sources */,
				74EA71BB1BD04DA7006808EA /* SwipeScene.swift in Sources */,
				74EA71B81BD04DA7006808EA /* SwipeSynthesizer.swift in Sources */,
				74EA71B51BD04DA7006808EA /* SwipePage.swift in Sources */,
				74EA717D1BD047F0006808EA /* ViewController.swift in Sources */,
				74EA71CA1BD04EAD006808EA /* SwipeAssetManager.swift in Sources */,
				74EA71B61BD04DA7006808EA /* SwipeElement.swift in Sources */,
				74EA71C21BD04E47006808EA /* SwipeExtensions.swift in Sources */,
				74EA71B21BD04DA7006808EA /* SwipeDocumentViewer.swift in Sources */,
				74EA717B1BD047F0006808EA /* AppDelegate.swift in Sources */,
				74EA71CC1BD04EAD006808EA /* SwipePrefetcher.swift in Sources */,
				74EA71B31BD04DA7006808EA /* SwipeViewController.swift in Sources */,
				74EA71CB1BD04EAD006808EA /* SwipeConnection.swift in Sources */,
				74EA71B71BD04DA7006808EA /* SwipePath.swift in Sources */,
				74EA71B91BD04DA7006808EA /* SwipeMarkdown.swift in Sources */,
				74EA71BC1BD04DA7006808EA /* SwipeWebViewPool.swift in Sources */,
				74EA71C91BD04EAD006808EA /* SNNotificationManager.swift in Sources */,
				74EA71BA1BD04DA7006808EA /* SwipeParser.swift in Sources */,
			);
			runOnlyForDeploymentPostprocessing = 0;
		};
/* End PBXSourcesBuildPhase section */

/* Begin PBXVariantGroup section */
		74EA717E1BD047F0006808EA /* Main.storyboard */ = {
			isa = PBXVariantGroup;
			children = (
				74EA717F1BD047F0006808EA /* Base */,
			);
			name = Main.storyboard;
			sourceTree = "<group>";
		};
		74EA71831BD047F0006808EA /* LaunchScreen.storyboard */ = {
			isa = PBXVariantGroup;
			children = (
				74EA71841BD047F0006808EA /* Base */,
			);
			name = LaunchScreen.storyboard;
			sourceTree = "<group>";
		};
/* End PBXVariantGroup section */

/* Begin XCBuildConfiguration section */
		74EA71871BD047F0006808EA /* Debug */ = {
			isa = XCBuildConfiguration;
			buildSettings = {
				ALWAYS_SEARCH_USER_PATHS = NO;
				CLANG_CXX_LANGUAGE_STANDARD = "gnu++0x";
				CLANG_CXX_LIBRARY = "libc++";
				CLANG_ENABLE_MODULES = YES;
				CLANG_ENABLE_OBJC_ARC = YES;
				CLANG_WARN_BOOL_CONVERSION = YES;
				CLANG_WARN_CONSTANT_CONVERSION = YES;
				CLANG_WARN_DIRECT_OBJC_ISA_USAGE = YES_ERROR;
				CLANG_WARN_EMPTY_BODY = YES;
				CLANG_WARN_ENUM_CONVERSION = YES;
				CLANG_WARN_INT_CONVERSION = YES;
				CLANG_WARN_OBJC_ROOT_CLASS = YES_ERROR;
				CLANG_WARN_UNREACHABLE_CODE = YES;
				CLANG_WARN__DUPLICATE_METHOD_MATCH = YES;
				"CODE_SIGN_IDENTITY[sdk=iphoneos*]" = "iPhone Developer";
				COPY_PHASE_STRIP = NO;
				DEBUG_INFORMATION_FORMAT = dwarf;
				ENABLE_STRICT_OBJC_MSGSEND = YES;
				ENABLE_TESTABILITY = YES;
				GCC_C_LANGUAGE_STANDARD = gnu99;
				GCC_DYNAMIC_NO_PIC = NO;
				GCC_NO_COMMON_BLOCKS = YES;
				GCC_OPTIMIZATION_LEVEL = 0;
				GCC_PREPROCESSOR_DEFINITIONS = (
					"DEBUG=1",
					"$(inherited)",
				);
				GCC_WARN_64_TO_32_BIT_CONVERSION = YES;
				GCC_WARN_ABOUT_RETURN_TYPE = YES_ERROR;
				GCC_WARN_UNDECLARED_SELECTOR = YES;
				GCC_WARN_UNINITIALIZED_AUTOS = YES_AGGRESSIVE;
				GCC_WARN_UNUSED_FUNCTION = YES;
				GCC_WARN_UNUSED_VARIABLE = YES;
				IPHONEOS_DEPLOYMENT_TARGET = 8.0;
				MTL_ENABLE_DEBUG_INFO = YES;
				ONLY_ACTIVE_ARCH = YES;
				SDKROOT = iphoneos;
				SWIFT_OPTIMIZATION_LEVEL = "-Onone";
			};
			name = Debug;
		};
		74EA71881BD047F0006808EA /* Release */ = {
			isa = XCBuildConfiguration;
			buildSettings = {
				ALWAYS_SEARCH_USER_PATHS = NO;
				CLANG_CXX_LANGUAGE_STANDARD = "gnu++0x";
				CLANG_CXX_LIBRARY = "libc++";
				CLANG_ENABLE_MODULES = YES;
				CLANG_ENABLE_OBJC_ARC = YES;
				CLANG_WARN_BOOL_CONVERSION = YES;
				CLANG_WARN_CONSTANT_CONVERSION = YES;
				CLANG_WARN_DIRECT_OBJC_ISA_USAGE = YES_ERROR;
				CLANG_WARN_EMPTY_BODY = YES;
				CLANG_WARN_ENUM_CONVERSION = YES;
				CLANG_WARN_INT_CONVERSION = YES;
				CLANG_WARN_OBJC_ROOT_CLASS = YES_ERROR;
				CLANG_WARN_UNREACHABLE_CODE = YES;
				CLANG_WARN__DUPLICATE_METHOD_MATCH = YES;
				"CODE_SIGN_IDENTITY[sdk=iphoneos*]" = "iPhone Developer";
				COPY_PHASE_STRIP = NO;
				DEBUG_INFORMATION_FORMAT = "dwarf-with-dsym";
				ENABLE_NS_ASSERTIONS = NO;
				ENABLE_STRICT_OBJC_MSGSEND = YES;
				GCC_C_LANGUAGE_STANDARD = gnu99;
				GCC_NO_COMMON_BLOCKS = YES;
				GCC_WARN_64_TO_32_BIT_CONVERSION = YES;
				GCC_WARN_ABOUT_RETURN_TYPE = YES_ERROR;
				GCC_WARN_UNDECLARED_SELECTOR = YES;
				GCC_WARN_UNINITIALIZED_AUTOS = YES_AGGRESSIVE;
				GCC_WARN_UNUSED_FUNCTION = YES;
				GCC_WARN_UNUSED_VARIABLE = YES;
				IPHONEOS_DEPLOYMENT_TARGET = 8.0;
				MTL_ENABLE_DEBUG_INFO = NO;
				SDKROOT = iphoneos;
				VALIDATE_PRODUCT = YES;
			};
			name = Release;
		};
		74EA718A1BD047F0006808EA /* Debug */ = {
			isa = XCBuildConfiguration;
			buildSettings = {
				ASSETCATALOG_COMPILER_APPICON_NAME = AppIcon;
				INFOPLIST_FILE = sample/Info.plist;
				LD_RUNPATH_SEARCH_PATHS = "$(inherited) @executable_path/Frameworks";
				PRODUCT_BUNDLE_IDENTIFIER = swipe.swipe.sample;
				PRODUCT_NAME = "$(TARGET_NAME)";
			};
			name = Debug;
		};
		74EA718B1BD047F0006808EA /* Release */ = {
			isa = XCBuildConfiguration;
			buildSettings = {
				ASSETCATALOG_COMPILER_APPICON_NAME = AppIcon;
				INFOPLIST_FILE = sample/Info.plist;
				LD_RUNPATH_SEARCH_PATHS = "$(inherited) @executable_path/Frameworks";
				PRODUCT_BUNDLE_IDENTIFIER = swipe.swipe.sample;
				PRODUCT_NAME = "$(TARGET_NAME)";
			};
			name = Release;
		};
/* End XCBuildConfiguration section */

/* Begin XCConfigurationList section */
		74EA71721BD047F0006808EA /* Build configuration list for PBXProject "sample" */ = {
			isa = XCConfigurationList;
			buildConfigurations = (
				74EA71871BD047F0006808EA /* Debug */,
				74EA71881BD047F0006808EA /* Release */,
			);
			defaultConfigurationIsVisible = 0;
			defaultConfigurationName = Release;
		};
		74EA71891BD047F0006808EA /* Build configuration list for PBXNativeTarget "sample" */ = {
			isa = XCConfigurationList;
			buildConfigurations = (
				74EA718A1BD047F0006808EA /* Debug */,
				74EA718B1BD047F0006808EA /* Release */,
			);
			defaultConfigurationIsVisible = 0;
		};
/* End XCConfigurationList section */
	};
	rootObject = 74EA716F1BD047F0006808EA /* Project object */;
}
